
Microsoft Visual Studio Solution File, Format Version 12.00
# Visual Studio Version 17
VisualStudioVersion = 17.4.33205.214
MinimumVisualStudioVersion = 10.0.40219.1
Project("{FAE04EC0-301F-11D3-BF4B-00C04F79EFBC}") = "ohara-net-neo4j-7-0", "ohara-net-neo4j-7-0\ohara-net-neo4j-7-0.csproj", "{87E5B7DD-D16B-41A4-842D-0B85ECD3364A}"
EndProject
Global
	GlobalSection(SolutionConfigurationPlatforms) = preSolution
		Debug|Any CPU = Debug|Any CPU
		Release|Any CPU = Release|Any CPU
	EndGlobalSection
	GlobalSection(ProjectConfigurationPlatforms) = postSolution
		{87E5B7DD-D16B-41A4-842D-0B85ECD3364A}.Debug|Any CPU.ActiveCfg = Debug|Any CPU
		{87E5B7DD-D16B-41A4-842D-0B85ECD3364A}.Debug|Any CPU.Build.0 = Debug|Any CPU
		{87E5B7DD-D16B-41A4-842D-0B85ECD3364A}.Release|Any CPU.ActiveCfg = Release|Any CPU
		{87E5B7DD-D16B-41A4-842D-0B85ECD3364A}.Release|Any CPU.Build.0 = Release|Any CPU
	EndGlobalSection
	GlobalSection(SolutionProperties) = preSolution
		HideSolutionNode = FALSE
	EndGlobalSection
	GlobalSection(ExtensibilityGlobals) = postSolution
		SolutionGuid = {2E395293-9B72-449F-B185-97674F5BD28C}
	EndGlobalSection
EndGlobal
